
Microsoft Visual Studio Solution File, Format Version 12.00
# Visual Studio Version 16
VisualStudioVersion = 16.0.30611.23
MinimumVisualStudioVersion = 10.0.40219.1
Project("{FAE04EC0-301F-11D3-BF4B-00C04F79EFBC}") = "consoleapp-estudos-net-core-rabbitmq.v1", "consoleapp-estudos-net-core-rabbitmq.v1\consoleapp-estudos-net-core-rabbitmq.v1.csproj", "{15437B1B-A889-49D1-BFD9-C28278C776F1}"
EndProject
Global
	GlobalSection(SolutionConfigurationPlatforms) = preSolution
		Debug|Any CPU = Debug|Any CPU
		Release|Any CPU = Release|Any CPU
	EndGlobalSection
	GlobalSection(ProjectConfigurationPlatforms) = postSolution
		{15437B1B-A889-49D1-BFD9-C28278C776F1}.Debug|Any CPU.ActiveCfg = Debug|Any CPU
		{15437B1B-A889-49D1-BFD9-C28278C776F1}.Debug|Any CPU.Build.0 = Debug|Any CPU
		{15437B1B-A889-49D1-BFD9-C28278C776F1}.Release|Any CPU.ActiveCfg = Release|Any CPU
		{15437B1B-A889-49D1-BFD9-C28278C776F1}.Release|Any CPU.Build.0 = Release|Any CPU
	EndGlobalSection
	GlobalSection(SolutionProperties) = preSolution
		HideSolutionNode = FALSE
	EndGlobalSection
	GlobalSection(ExtensibilityGlobals) = postSolution
		SolutionGuid = {94B7CE51-D591-45A0-89B5-F6F0EFF21563}
	EndGlobalSection
EndGlobal
